
Microsoft Visual Studio Solution File, Format Version 12.00
# Visual Studio Version 17
VisualStudioVersion = 17.14.36623.8
MinimumVisualStudioVersion = 10.0.40219.1
Project("{8BC9CEB8-8B4A-11D0-8D11-00A0C91BC942}") = "renderer", "renderer\renderer.vcxproj", "{3D6BECC5-BE00-9CFD-2A0D-4B410A6C1844}"
EndProject
Global
	GlobalSection(SolutionConfigurationPlatforms) = preSolution
		Debug|x64 = Debug|x64
		Release|x64 = Release|x64
	EndGlobalSection
	GlobalSection(ProjectConfigurationPlatforms) = postSolution
		{3D6BECC5-BE00-9CFD-2A0D-4B410A6C1844}.Debug|x64.ActiveCfg = Debug|x64
		{3D6BECC5-BE00-9CFD-2A0D-4B410A6C1844}.Debug|x64.Build.0 = Debug|x64
		{3D6BECC5-BE00-9CFD-2A0D-4B410A6C1844}.Release|x64.ActiveCfg = Release|x64
		{3D6BECC5-BE00-9CFD-2A0D-4B410A6C1844}.Release|x64.Build.0 = Release|x64
	EndGlobalSection
	GlobalSection(SolutionProperties) = preSolution
		HideSolutionNode = FALSE
	EndGlobalSection
	GlobalSection(ExtensibilityGlobals) = postSolution
		SolutionGuid = {B0756DF5-E06B-4119-8368-528C8A81E828}
	EndGlobalSection
EndGlobal
